// !$*UTF8*$!
{
	archiveVersion = 1;
	classes = {
	};
	objectVersion = 55;
	objects = {

/* Begin PBXBuildFile section */
		772C13F727359C4300BB0127 /* AppDelegate.swift in Sources */ = {isa = PBXBuildFile; fileRef = 772C13F627359C4300BB0127 /* AppDelegate.swift */; };
		772C13F927359C4300BB0127 /* SceneDelegate.swift in Sources */ = {isa = PBXBuildFile; fileRef = 772C13F827359C4300BB0127 /* SceneDelegate.swift */; };
		772C13FE27359C4300BB0127 /* Main.storyboard in Resources */ = {isa = PBXBuildFile; fileRef = 772C13FC27359C4300BB0127 /* Main.storyboard */; };
		772C140027359C4600BB0127 /* Assets.xcassets in Resources */ = {isa = PBXBuildFile; fileRef = 772C13FF27359C4600BB0127 /* Assets.xcassets */; };
		772C140327359C4600BB0127 /* LaunchScreen.storyboard in Resources */ = {isa = PBXBuildFile; fileRef = 772C140127359C4600BB0127 /* LaunchScreen.storyboard */; };
		772C140B27382FAD00BB0127 /* HomeVC.swift in Sources */ = {isa = PBXBuildFile; fileRef = 772C140A27382FAD00BB0127 /* HomeVC.swift */; };
		772C140E2738317D00BB0127 /* HomeTableViewCell.swift in Sources */ = {isa = PBXBuildFile; fileRef = 772C140C2738317D00BB0127 /* HomeTableViewCell.swift */; };
		772C140F2738317D00BB0127 /* HomeTableViewCell.xib in Resources */ = {isa = PBXBuildFile; fileRef = 772C140D2738317D00BB0127 /* HomeTableViewCell.xib */; };
		772C1411273834BE00BB0127 /* SF-Pro-Display-Regular.otf in Resources */ = {isa = PBXBuildFile; fileRef = 772C1410273834BE00BB0127 /* SF-Pro-Display-Regular.otf */; };
		772C1413273834CC00BB0127 /* SF-Pro-Display-Semibold.otf in Resources */ = {isa = PBXBuildFile; fileRef = 772C1412273834CC00BB0127 /* SF-Pro-Display-Semibold.otf */; };
		772C14172738478C00BB0127 /* AppContentDataModel.swift in Sources */ = {isa = PBXBuildFile; fileRef = 772C14162738478C00BB0127 /* AppContentDataModel.swift */; };
/* End PBXBuildFile section */

/* Begin PBXFileReference section */
		772C13F327359C4300BB0127 /* CarrotMarket_clonecoding.app */ = {isa = PBXFileReference; explicitFileType = wrapper.application; includeInIndex = 0; path = CarrotMarket_clonecoding.app; sourceTree = BUILT_PRODUCTS_DIR; };
		772C13F627359C4300BB0127 /* AppDelegate.swift */ = {isa = PBXFileReference; lastKnownFileType = sourcecode.swift; path = AppDelegate.swift; sourceTree = "<group>"; };
		772C13F827359C4300BB0127 /* SceneDelegate.swift */ = {isa = PBXFileReference; lastKnownFileType = sourcecode.swift; path = SceneDelegate.swift; sourceTree = "<group>"; };
		772C13FD27359C4300BB0127 /* Base */ = {isa = PBXFileReference; lastKnownFileType = file.storyboard; name = Base; path = Base.lproj/Main.storyboard; sourceTree = "<group>"; };
		772C13FF27359C4600BB0127 /* Assets.xcassets */ = {isa = PBXFileReference; lastKnownFileType = folder.assetcatalog; path = Assets.xcassets; sourceTree = "<group>"; };
		772C140227359C4600BB0127 /* Base */ = {isa = PBXFileReference; lastKnownFileType = file.storyboard; name = Base; path = Base.lproj/LaunchScreen.storyboard; sourceTree = "<group>"; };
		772C140427359C4600BB0127 /* Info.plist */ = {isa = PBXFileReference; lastKnownFileType = text.plist.xml; path = Info.plist; sourceTree = "<group>"; };
		772C140A27382FAD00BB0127 /* HomeVC.swift */ = {isa = PBXFileReference; lastKnownFileType = sourcecode.swift; path = HomeVC.swift; sourceTree = "<group>"; };
		772C140C2738317D00BB0127 /* HomeTableViewCell.swift */ = {isa = PBXFileReference; lastKnownFileType = sourcecode.swift; path = HomeTableViewCell.swift; sourceTree = "<group>"; };
		772C140D2738317D00BB0127 /* HomeTableViewCell.xib */ = {isa = PBXFileReference; lastKnownFileType = file.xib; path = HomeTableViewCell.xib; sourceTree = "<group>"; };
		772C1410273834BE00BB0127 /* SF-Pro-Display-Regular.otf */ = {isa = PBXFileReference; lastKnownFileType = file; name = "SF-Pro-Display-Regular.otf"; path = "../../../../../../../../../Library/Fonts/SF-Pro-Display-Regular.otf"; sourceTree = "<group>"; };
		772C1412273834CC00BB0127 /* SF-Pro-Display-Semibold.otf */ = {isa = PBXFileReference; lastKnownFileType = file; name = "SF-Pro-Display-Semibold.otf"; path = "../../../../../../../../../Library/Fonts/SF-Pro-Display-Semibold.otf"; sourceTree = "<group>"; };
		772C14162738478C00BB0127 /* AppContentDataModel.swift */ = {isa = PBXFileReference; lastKnownFileType = sourcecode.swift; path = AppContentDataModel.swift; sourceTree = "<group>"; };
/* End PBXFileReference section */

/* Begin PBXFrameworksBuildPhase section */
		772C13F027359C4300BB0127 /* Frameworks */ = {
			isa = PBXFrameworksBuildPhase;
			buildActionMask = 2147483647;
			files = (
			);
			runOnlyForDeploymentPostprocessing = 0;
		};
/* End PBXFrameworksBuildPhase section */

/* Begin PBXGroup section */
		772C13EA27359C4300BB0127 = {
			isa = PBXGroup;
			children = (
				772C13F527359C4300BB0127 /* CarrotMarket_clonecoding */,
				772C13F427359C4300BB0127 /* Products */,
			);
			sourceTree = "<group>";
		};
		772C13F427359C4300BB0127 /* Products */ = {
			isa = PBXGroup;
			children = (
				772C13F327359C4300BB0127 /* CarrotMarket_clonecoding.app */,
			);
			name = Products;
			sourceTree = "<group>";
		};
		772C13F527359C4300BB0127 /* CarrotMarket_clonecoding */ = {
			isa = PBXGroup;
			children = (
				772C13F627359C4300BB0127 /* AppDelegate.swift */,
				772C13F827359C4300BB0127 /* SceneDelegate.swift */,
				772C13FC27359C4300BB0127 /* Main.storyboard */,
				772C140C2738317D00BB0127 /* HomeTableViewCell.swift */,
				772C140D2738317D00BB0127 /* HomeTableViewCell.xib */,
				772C14162738478C00BB0127 /* AppContentDataModel.swift */,
				772C140A27382FAD00BB0127 /* HomeVC.swift */,
				772C13FF27359C4600BB0127 /* Assets.xcassets */,
				772C140127359C4600BB0127 /* LaunchScreen.storyboard */,
				772C140427359C4600BB0127 /* Info.plist */,
				772C1410273834BE00BB0127 /* SF-Pro-Display-Regular.otf */,
				772C1412273834CC00BB0127 /* SF-Pro-Display-Semibold.otf */,
			);
			path = CarrotMarket_clonecoding;
			sourceTree = "<group>";
		};
/* End PBXGroup section */

/* Begin PBXNativeTarget section */
		772C13F227359C4300BB0127 /* CarrotMarket_clonecoding */ = {
			isa = PBXNativeTarget;
			buildConfigurationList = 772C140727359C4600BB0127 /* Build configuration list for PBXNativeTarget "CarrotMarket_clonecoding" */;
			buildPhases = (
				772C13EF27359C4300BB0127 /* Sources */,
				772C13F027359C4300BB0127 /* Frameworks */,
				772C13F127359C4300BB0127 /* Resources */,
			);
			buildRules = (
			);
			dependencies = (
			);
			name = CarrotMarket_clonecoding;
			productName = CarrotMarket_clonecoding;
			productReference = 772C13F327359C4300BB0127 /* CarrotMarket_clonecoding.app */;
			productType = "com.apple.product-type.application";
		};
/* End PBXNativeTarget section */

/* Begin PBXProject section */
		772C13EB27359C4300BB0127 /* Project object */ = {
			isa = PBXProject;
			attributes = {
				BuildIndependentTargetsInParallel = 1;
				LastSwiftUpdateCheck = 1300;
				LastUpgradeCheck = 1300;
				TargetAttributes = {
					772C13F227359C4300BB0127 = {
						CreatedOnToolsVersion = 13.0;
					};
				};
			};
			buildConfigurationList = 772C13EE27359C4300BB0127 /* Build configuration list for PBXProject "CarrotMarket_clonecoding" */;
			compatibilityVersion = "Xcode 13.0";
			developmentRegion = en;
			hasScannedForEncodings = 0;
			knownRegions = (
				en,
				Base,
			);
			mainGroup = 772C13EA27359C4300BB0127;
			productRefGroup = 772C13F427359C4300BB0127 /* Products */;
			projectDirPath = "";
			projectRoot = "";
			targets = (
				772C13F227359C4300BB0127 /* CarrotMarket_clonecoding */,
			);
		};
/* End PBXProject section */

/* Begin PBXResourcesBuildPhase section */
		772C13F127359C4300BB0127 /* Resources */ = {
			isa = PBXResourcesBuildPhase;
			buildActionMask = 2147483647;
			files = (
				772C1413273834CC00BB0127 /* SF-Pro-Display-Semibold.otf in Resources */,
				772C140327359C4600BB0127 /* LaunchScreen.storyboard in Resources */,
				772C140027359C4600BB0127 /* Assets.xcassets in Resources */,
				772C140F2738317D00BB0127 /* HomeTableViewCell.xib in Resources */,
				772C1411273834BE00BB0127 /* SF-Pro-Display-Regular.otf in Resources */,
				772C13FE27359C4300BB0127 /* Main.storyboard in Resources */,
			);
			runOnlyForDeploymentPostprocessing = 0;
		};
/* End PBXResourcesBuildPhase section */

/* Begin PBXSourcesBuildPhase section */
		772C13EF27359C4300BB0127 /* Sources */ = {
			isa = PBXSourcesBuildPhase;
			buildActionMask = 2147483647;
			files = (
				772C140E2738317D00BB0127 /* HomeTableViewCell.swift in Sources */,
				772C140B27382FAD00BB0127 /* HomeVC.swift in Sources */,
				772C13F727359C4300BB0127 /* AppDelegate.swift in Sources */,
				772C13F927359C4300BB0127 /* SceneDelegate.swift in Sources */,
				772C14172738478C00BB0127 /* AppContentDataModel.swift in Sources */,
			);
			runOnlyForDeploymentPostprocessing = 0;
		};
/* End PBXSourcesBuildPhase section */

/* Begin PBXVariantGroup section */
		772C13FC27359C4300BB0127 /* Main.storyboard */ = {
			isa = PBXVariantGroup;
			children = (
				772C13FD27359C4300BB0127 /* Base */,
			);
			name = Main.storyboard;
			sourceTree = "<group>";
		};
		772C140127359C4600BB0127 /* LaunchScreen.storyboard */ = {
			isa = PBXVariantGroup;
			children = (
				772C140227359C4600BB0127 /* Base */,
			);
			name = LaunchScreen.storyboard;
			sourceTree = "<group>";
		};
/* End PBXVariantGroup section */

/* Begin XCBuildConfiguration section */
		772C140527359C4600BB0127 /* Debug */ = {
			isa = XCBuildConfiguration;
			buildSettings = {
				ALWAYS_SEARCH_USER_PATHS = NO;
				CLANG_ANALYZER_NONNULL = YES;
				CLANG_ANALYZER_NUMBER_OBJECT_CONVERSION = YES_AGGRESSIVE;
				CLANG_CXX_LANGUAGE_STANDARD = "gnu++17";
				CLANG_CXX_LIBRARY = "libc++";
				CLANG_ENABLE_MODULES = YES;
				CLANG_ENABLE_OBJC_ARC = YES;
				CLANG_ENABLE_OBJC_WEAK = YES;
				CLANG_WARN_BLOCK_CAPTURE_AUTORELEASING = YES;
				CLANG_WARN_BOOL_CONVERSION = YES;
				CLANG_WARN_COMMA = YES;
				CLANG_WARN_CONSTANT_CONVERSION = YES;
				CLANG_WARN_DEPRECATED_OBJC_IMPLEMENTATIONS = YES;
				CLANG_WARN_DIRECT_OBJC_ISA_USAGE = YES_ERROR;
				CLANG_WARN_DOCUMENTATION_COMMENTS = YES;
				CLANG_WARN_EMPTY_BODY = YES;
				CLANG_WARN_ENUM_CONVERSION = YES;
				CLANG_WARN_INFINITE_RECURSION = YES;
				CLANG_WARN_INT_CONVERSION = YES;
				CLANG_WARN_NON_LITERAL_NULL_CONVERSION = YES;
				CLANG_WARN_OBJC_IMPLICIT_RETAIN_SELF = YES;
				CLANG_WARN_OBJC_LITERAL_CONVERSION = YES;
				CLANG_WARN_OBJC_ROOT_CLASS = YES_ERROR;
				CLANG_WARN_QUOTED_INCLUDE_IN_FRAMEWORK_HEADER = YES;
				CLANG_WARN_RANGE_LOOP_ANALYSIS = YES;
				CLANG_WARN_STRICT_PROTOTYPES = YES;
				CLANG_WARN_SUSPICIOUS_MOVE = YES;
				CLANG_WARN_UNGUARDED_AVAILABILITY = YES_AGGRESSIVE;
				CLANG_WARN_UNREACHABLE_CODE = YES;
				CLANG_WARN__DUPLICATE_METHOD_MATCH = YES;
				COPY_PHASE_STRIP = NO;
				DEBUG_INFORMATION_FORMAT = dwarf;
				ENABLE_STRICT_OBJC_MSGSEND = YES;
				ENABLE_TESTABILITY = YES;
				GCC_C_LANGUAGE_STANDARD = gnu11;
				GCC_DYNAMIC_NO_PIC = NO;
				GCC_NO_COMMON_BLOCKS = YES;
				GCC_OPTIMIZATION_LEVEL = 0;
				GCC_PREPROCESSOR_DEFINITIONS = (
					"DEBUG=1",
					"$(inherited)",
				);
				GCC_WARN_64_TO_32_BIT_CONVERSION = YES;
				GCC_WARN_ABOUT_RETURN_TYPE = YES_ERROR;
				GCC_WARN_UNDECLARED_SELECTOR = YES;
				GCC_WARN_UNINITIALIZED_AUTOS = YES_AGGRESSIVE;
				GCC_WARN_UNUSED_FUNCTION = YES;
				GCC_WARN_UNUSED_VARIABLE = YES;
				IPHONEOS_DEPLOYMENT_TARGET = 15.0;
				MTL_ENABLE_DEBUG_INFO = INCLUDE_SOURCE;
				MTL_FAST_MATH = YES;
				ONLY_ACTIVE_ARCH = YES;
				SDKROOT = iphoneos;
				SWIFT_ACTIVE_COMPILATION_CONDITIONS = DEBUG;
				SWIFT_OPTIMIZATION_LEVEL = "-Onone";
			};
			name = Debug;
		};
		772C140627359C4600BB0127 /* Release */ = {
			isa = XCBuildConfiguration;
			buildSettings = {
				ALWAYS_SEARCH_USER_PATHS = NO;
				CLANG_ANALYZER_NONNULL = YES;
				CLANG_ANALYZER_NUMBER_OBJECT_CONVERSION = YES_AGGRESSIVE;
				CLANG_CXX_LANGUAGE_STANDARD = "gnu++17";
				CLANG_CXX_LIBRARY = "libc++";
				CLANG_ENABLE_MODULES = YES;
				CLANG_ENABLE_OBJC_ARC = YES;
				CLANG_ENABLE_OBJC_WEAK = YES;
				CLANG_WARN_BLOCK_CAPTURE_AUTORELEASING = YES;
				CLANG_WARN_BOOL_CONVERSION = YES;
				CLANG_WARN_COMMA = YES;
				CLANG_WARN_CONSTANT_CONVERSION = YES;
				CLANG_WARN_DEPRECATED_OBJC_IMPLEMENTATIONS = YES;
				CLANG_WARN_DIRECT_OBJC_ISA_USAGE = YES_ERROR;
				CLANG_WARN_DOCUMENTATION_COMMENTS = YES;
				CLANG_WARN_EMPTY_BODY = YES;
				CLANG_WARN_ENUM_CONVERSION = YES;
				CLANG_WARN_INFINITE_RECURSION = YES;
				CLANG_WARN_INT_CONVERSION = YES;
				CLANG_WARN_NON_LITERAL_NULL_CONVERSION = YES;
				CLANG_WARN_OBJC_IMPLICIT_RETAIN_SELF = YES;
				CLANG_WARN_OBJC_LITERAL_CONVERSION = YES;
				CLANG_WARN_OBJC_ROOT_CLASS = YES_ERROR;
				CLANG_WARN_QUOTED_INCLUDE_IN_FRAMEWORK_HEADER = YES;
				CLANG_WARN_RANGE_LOOP_ANALYSIS = YES;
				CLANG_WARN_STRICT_PROTOTYPES = YES;
				CLANG_WARN_SUSPICIOUS_MOVE = YES;
				CLANG_WARN_UNGUARDED_AVAILABILITY = YES_AGGRESSIVE;
				CLANG_WARN_UNREACHABLE_CODE = YES;
				CLANG_WARN__DUPLICATE_METHOD_MATCH = YES;
				COPY_PHASE_STRIP = NO;
				DEBUG_INFORMATION_FORMAT = "dwarf-with-dsym";
				ENABLE_NS_ASSERTIONS = NO;
				ENABLE_STRICT_OBJC_MSGSEND = YES;
				GCC_C_LANGUAGE_STANDARD = gnu11;
				GCC_NO_COMMON_BLOCKS = YES;
				GCC_WARN_64_TO_32_BIT_CONVERSION = YES;
				GCC_WARN_ABOUT_RETURN_TYPE = YES_ERROR;
				GCC_WARN_UNDECLARED_SELECTOR = YES;
				GCC_WARN_UNINITIALIZED_AUTOS = YES_AGGRESSIVE;
				GCC_WARN_UNUSED_FUNCTION = YES;
				GCC_WARN_UNUSED_VARIABLE = YES;
				IPHONEOS_DEPLOYMENT_TARGET = 15.0;
				MTL_ENABLE_DEBUG_INFO = NO;
				MTL_FAST_MATH = YES;
				SDKROOT = iphoneos;
				SWIFT_COMPILATION_MODE = wholemodule;
				SWIFT_OPTIMIZATION_LEVEL = "-O";
				VALIDATE_PRODUCT = YES;
			};
			name = Release;
		};
		772C140827359C4600BB0127 /* Debug */ = {
			isa = XCBuildConfiguration;
			buildSettings = {
				ASSETCATALOG_COMPILER_APPICON_NAME = AppIcon;
				ASSETCATALOG_COMPILER_GLOBAL_ACCENT_COLOR_NAME = AccentColor;
				CODE_SIGN_STYLE = Automatic;
				CURRENT_PROJECT_VERSION = 1;
				DEVELOPMENT_TEAM = 397WA8BG8W;
				GENERATE_INFOPLIST_FILE = YES;
				INFOPLIST_FILE = CarrotMarket_clonecoding/Info.plist;
				INFOPLIST_KEY_UIApplicationSupportsIndirectInputEvents = YES;
				INFOPLIST_KEY_UILaunchStoryboardName = LaunchScreen;
				INFOPLIST_KEY_UIMainStoryboardFile = Main;
				INFOPLIST_KEY_UISupportedInterfaceOrientations_iPad = "UIInterfaceOrientationPortrait UIInterfaceOrientationPortraitUpsideDown UIInterfaceOrientationLandscapeLeft UIInterfaceOrientationLandscapeRight";
				INFOPLIST_KEY_UISupportedInterfaceOrientations_iPhone = "UIInterfaceOrientationPortrait UIInterfaceOrientationLandscapeLeft UIInterfaceOrientationLandscapeRight";
				LD_RUNPATH_SEARCH_PATHS = (
					"$(inherited)",
					"@executable_path/Frameworks",
				);
				MARKETING_VERSION = 1.0;
				PRODUCT_BUNDLE_IDENTIFIER = "com.eunju.CarrotMarket-clonecoding";
				PRODUCT_NAME = "$(TARGET_NAME)";
				SWIFT_EMIT_LOC_STRINGS = YES;
				SWIFT_VERSION = 5.0;
				TARGETED_DEVICE_FAMILY = "1,2";
			};
			name = Debug;
		};
		772C140927359C4600BB0127 /* Release */ = {
			isa = XCBuildConfiguration;
			buildSettings = {
				ASSETCATALOG_COMPILER_APPICON_NAME = AppIcon;
				ASSETCATALOG_COMPILER_GLOBAL_ACCENT_COLOR_NAME = AccentColor;
				CODE_SIGN_STYLE = Automatic;
				CURRENT_PROJECT_VERSION = 1;
				DEVELOPMENT_TEAM = 397WA8BG8W;
				GENERATE_INFOPLIST_FILE = YES;
				INFOPLIST_FILE = CarrotMarket_clonecoding/Info.plist;
				INFOPLIST_KEY_UIApplicationSupportsIndirectInputEvents = YES;
				INFOPLIST_KEY_UILaunchStoryboardName = LaunchScreen;
				INFOPLIST_KEY_UIMainStoryboardFile = Main;
				INFOPLIST_KEY_UISupportedInterfaceOrientations_iPad = "UIInterfaceOrientationPortrait UIInterfaceOrientationPortraitUpsideDown UIInterfaceOrientationLandscapeLeft UIInterfaceOrientationLandscapeRight";
				INFOPLIST_KEY_UISupportedInterfaceOrientations_iPhone = "UIInterfaceOrientationPortrait UIInterfaceOrientationLandscapeLeft UIInterfaceOrientationLandscapeRight";
				LD_RUNPATH_SEARCH_PATHS = (
					"$(inherited)",
					"@executable_path/Frameworks",
				);
				MARKETING_VERSION = 1.0;
				PRODUCT_BUNDLE_IDENTIFIER = "com.eunju.CarrotMarket-clonecoding";
				PRODUCT_NAME = "$(TARGET_NAME)";
				SWIFT_EMIT_LOC_STRINGS = YES;
				SWIFT_VERSION = 5.0;
				TARGETED_DEVICE_FAMILY = "1,2";
			};
			name = Release;
		};
/* End XCBuildConfiguration section */

/* Begin XCConfigurationList section */
		772C13EE27359C4300BB0127 /* Build configuration list for PBXProject "CarrotMarket_clonecoding" */ = {
			isa = XCConfigurationList;
			buildConfigurations = (
				772C140527359C4600BB0127 /* Debug */,
				772C140627359C4600BB0127 /* Release */,
			);
			defaultConfigurationIsVisible = 0;
			defaultConfigurationName = Release;
		};
		772C140727359C4600BB0127 /* Build configuration list for PBXNativeTarget "CarrotMarket_clonecoding" */ = {
			isa = XCConfigurationList;
			buildConfigurations = (
				772C140827359C4600BB0127 /* Debug */,
				772C140927359C4600BB0127 /* Release */,
			);
			defaultConfigurationIsVisible = 0;
			defaultConfigurationName = Release;
		};
/* End XCConfigurationList section */
	};
	rootObject = 772C13EB27359C4300BB0127 /* Project object */;
}
